
Microsoft Visual Studio Solution File, Format Version 12.00
# Visual Studio Version 16
VisualStudioVersion = 16.0.31019.35
MinimumVisualStudioVersion = 10.0.40219.1
Project("{FAE04EC0-301F-11D3-BF4B-00C04F79EFBC}") = "LighthouseCapstone", "tofix\LighthouseCapstone.csproj", "{BA72A871-C092-4740-AAC8-488234EB6EC0}"
EndProject
Global
	GlobalSection(SolutionConfigurationPlatforms) = preSolution
		Debug|Any CPU = Debug|Any CPU
		Release|Any CPU = Release|Any CPU
	EndGlobalSection
	GlobalSection(ProjectConfigurationPlatforms) = postSolution
		{BA72A871-C092-4740-AAC8-488234EB6EC0}.Debug|Any CPU.ActiveCfg = Debug|Any CPU
		{BA72A871-C092-4740-AAC8-488234EB6EC0}.Debug|Any CPU.Build.0 = Debug|Any CPU
		{BA72A871-C092-4740-AAC8-488234EB6EC0}.Release|Any CPU.ActiveCfg = Release|Any CPU
		{BA72A871-C092-4740-AAC8-488234EB6EC0}.Release|Any CPU.Build.0 = Release|Any CPU
	EndGlobalSection
	GlobalSection(SolutionProperties) = preSolution
		HideSolutionNode = FALSE
	EndGlobalSection
	GlobalSection(ExtensibilityGlobals) = postSolution
		SolutionGuid = {E9937C96-8680-4288-AE46-6BD1A8B564C3}
	EndGlobalSection
EndGlobal
